
Microsoft Visual Studio Solution File, Format Version 12.00
# Visual Studio 14
VisualStudioVersion = 14.0.25420.1
MinimumVisualStudioVersion = 10.0.40219.1
Project("{FAE04EC0-301F-11D3-BF4B-00C04F79EFBC}") = "Day1Tasks", "FrequencyCalculator\Day1Tasks.csproj", "{D67353CD-F958-4F13-A06B-D0F54E691E68}"
EndProject
Project("{FAE04EC0-301F-11D3-BF4B-00C04F79EFBC}") = "Day2Tasks", "Day2Tasks\Day2Tasks.csproj", "{DA6FA3B6-FCC3-4626-8097-2A34F9F22559}"
EndProject
Project("{FAE04EC0-301F-11D3-BF4B-00C04F79EFBC}") = "FileExtensions", "FileExtension\FileExtensions.csproj", "{0A2E8A39-FDE8-4333-821C-DF132A05507B}"
EndProject
Project("{FAE04EC0-301F-11D3-BF4B-00C04F79EFBC}") = "UnitTests", "UnitTests\UnitTests.csproj", "{9FC4D76D-2276-4161-84C8-4BAAD84FC3AB}"
EndProject
Project("{FAE04EC0-301F-11D3-BF4B-00C04F79EFBC}") = "Day3Tasks", "Day3Tasks\Day3Tasks.csproj", "{F6EC3ABE-59D8-44C3-8058-515A98EB7BCE}"
EndProject
Global
	GlobalSection(SolutionConfigurationPlatforms) = preSolution
		Debug|Any CPU = Debug|Any CPU
		Release|Any CPU = Release|Any CPU
	EndGlobalSection
	GlobalSection(ProjectConfigurationPlatforms) = postSolution
		{D67353CD-F958-4F13-A06B-D0F54E691E68}.Debug|Any CPU.ActiveCfg = Debug|Any CPU
		{D67353CD-F958-4F13-A06B-D0F54E691E68}.Debug|Any CPU.Build.0 = Debug|Any CPU
		{D67353CD-F958-4F13-A06B-D0F54E691E68}.Release|Any CPU.ActiveCfg = Release|Any CPU
		{D67353CD-F958-4F13-A06B-D0F54E691E68}.Release|Any CPU.Build.0 = Release|Any CPU
		{DA6FA3B6-FCC3-4626-8097-2A34F9F22559}.Debug|Any CPU.ActiveCfg = Debug|Any CPU
		{DA6FA3B6-FCC3-4626-8097-2A34F9F22559}.Debug|Any CPU.Build.0 = Debug|Any CPU
		{DA6FA3B6-FCC3-4626-8097-2A34F9F22559}.Release|Any CPU.ActiveCfg = Release|Any CPU
		{DA6FA3B6-FCC3-4626-8097-2A34F9F22559}.Release|Any CPU.Build.0 = Release|Any CPU
		{0A2E8A39-FDE8-4333-821C-DF132A05507B}.Debug|Any CPU.ActiveCfg = Debug|Any CPU
		{0A2E8A39-FDE8-4333-821C-DF132A05507B}.Debug|Any CPU.Build.0 = Debug|Any CPU
		{0A2E8A39-FDE8-4333-821C-DF132A05507B}.Release|Any CPU.ActiveCfg = Release|Any CPU
		{0A2E8A39-FDE8-4333-821C-DF132A05507B}.Release|Any CPU.Build.0 = Release|Any CPU
		{9FC4D76D-2276-4161-84C8-4BAAD84FC3AB}.Debug|Any CPU.ActiveCfg = Debug|Any CPU
		{9FC4D76D-2276-4161-84C8-4BAAD84FC3AB}.Debug|Any CPU.Build.0 = Debug|Any CPU
		{9FC4D76D-2276-4161-84C8-4BAAD84FC3AB}.Release|Any CPU.ActiveCfg = Release|Any CPU
		{9FC4D76D-2276-4161-84C8-4BAAD84FC3AB}.Release|Any CPU.Build.0 = Release|Any CPU
		{F6EC3ABE-59D8-44C3-8058-515A98EB7BCE}.Debug|Any CPU.ActiveCfg = Debug|Any CPU
		{F6EC3ABE-59D8-44C3-8058-515A98EB7BCE}.Debug|Any CPU.Build.0 = Debug|Any CPU
		{F6EC3ABE-59D8-44C3-8058-515A98EB7BCE}.Release|Any CPU.ActiveCfg = Release|Any CPU
		{F6EC3ABE-59D8-44C3-8058-515A98EB7BCE}.Release|Any CPU.Build.0 = Release|Any CPU
	EndGlobalSection
	GlobalSection(SolutionProperties) = preSolution
		HideSolutionNode = FALSE
	EndGlobalSection
EndGlobal
